// !$*UTF8*$!
{
	archiveVersion = 1;
	classes = {
	};
	objectVersion = 51;
	objects = {

/* Begin PBXBuildFile section */
		4F1D8DAC1A36EC207A6A881F /* Pods_Instagram.framework in Frameworks */ = {isa = PBXBuildFile; fileRef = B415ACEEEC1AB9F922C9A4AD /* Pods_Instagram.framework */; };
		A0318B9F2468D1FE006F9389 /* SharePhotoController.swift in Sources */ = {isa = PBXBuildFile; fileRef = A0318B9E2468D1FE006F9389 /* SharePhotoController.swift */; };
		A0318BA124690F6F006F9389 /* Post.swift in Sources */ = {isa = PBXBuildFile; fileRef = A0318BA024690F6F006F9389 /* Post.swift */; };
		A0318BA32469117C006F9389 /* UserProfileCell.swift in Sources */ = {isa = PBXBuildFile; fileRef = A0318BA22469117C006F9389 /* UserProfileCell.swift */; };
		A043632F24622829000F19BE /* UserProfileHeader.swift in Sources */ = {isa = PBXBuildFile; fileRef = A043632E24622829000F19BE /* UserProfileHeader.swift */; };
		A04363352462358C000F19BE /* User.swift in Sources */ = {isa = PBXBuildFile; fileRef = A04363342462358C000F19BE /* User.swift */; };
		A0454F2D245C7D4100356AB0 /* Extensions.swift in Sources */ = {isa = PBXBuildFile; fileRef = A0454F2C245C7D4100356AB0 /* Extensions.swift */; };
		A0454F2F245C98B900356AB0 /* GoogleService-Info.plist in Resources */ = {isa = PBXBuildFile; fileRef = A0454F2E245C98B900356AB0 /* GoogleService-Info.plist */; };
		A053D8832466FC50009DE7E2 /* PhotoSelectorCell.swift in Sources */ = {isa = PBXBuildFile; fileRef = A053D8822466FC50009DE7E2 /* PhotoSelectorCell.swift */; };
		A054BECA2463813700D9A1D9 /* LoginController.swift in Sources */ = {isa = PBXBuildFile; fileRef = A054BEC92463813700D9A1D9 /* LoginController.swift */; };
		A057DA3B2463544000CFB21C /* Main.storyboard in Resources */ = {isa = PBXBuildFile; fileRef = A057DA392463544000CFB21C /* Main.storyboard */; };
		A062F9D82469AA1800D24874 /* CustomImageView.swift in Sources */ = {isa = PBXBuildFile; fileRef = A062F9D72469AA1800D24874 /* CustomImageView.swift */; };
		A062F9DD2469C84F00D24874 /* HomeController.swift in Sources */ = {isa = PBXBuildFile; fileRef = A062F9DC2469C84F00D24874 /* HomeController.swift */; };
		A062F9DF2469C9C200D24874 /* HomePostCell.swift in Sources */ = {isa = PBXBuildFile; fileRef = A062F9DE2469C9C200D24874 /* HomePostCell.swift */; };
		A0BCEE3A245B61B9005A2741 /* AppDelegate.swift in Sources */ = {isa = PBXBuildFile; fileRef = A0BCEE39245B61B9005A2741 /* AppDelegate.swift */; };
		A0BCEE3C245B61B9005A2741 /* SceneDelegate.swift in Sources */ = {isa = PBXBuildFile; fileRef = A0BCEE3B245B61B9005A2741 /* SceneDelegate.swift */; };
		A0BCEE3E245B61B9005A2741 /* SignUpController.swift in Sources */ = {isa = PBXBuildFile; fileRef = A0BCEE3D245B61B9005A2741 /* SignUpController.swift */; };
		A0BCEE43245B61BB005A2741 /* Assets.xcassets in Resources */ = {isa = PBXBuildFile; fileRef = A0BCEE42245B61BB005A2741 /* Assets.xcassets */; };
		A0BCEE46245B61BB005A2741 /* LaunchScreen.storyboard in Resources */ = {isa = PBXBuildFile; fileRef = A0BCEE44245B61BB005A2741 /* LaunchScreen.storyboard */; };
		A0DF341A2465B9E500433936 /* PhotoSelectorController.swift in Sources */ = {isa = PBXBuildFile; fileRef = A0DF34192465B9E500433936 /* PhotoSelectorController.swift */; };
		A0F02802245E2BAF00B83DDD /* MainTabBarController.swift in Sources */ = {isa = PBXBuildFile; fileRef = A0F02801245E2BAF00B83DDD /* MainTabBarController.swift */; };
		A0F02804245E388A00B83DDD /* UserProfileController.swift in Sources */ = {isa = PBXBuildFile; fileRef = A0F02803245E388A00B83DDD /* UserProfileController.swift */; };
/* End PBXBuildFile section */

/* Begin PBXFileReference section */
		1D30FC31E2042B71CC8D7DAB /* Pods-Instagram.debug.xcconfig */ = {isa = PBXFileReference; includeInIndex = 1; lastKnownFileType = text.xcconfig; name = "Pods-Instagram.debug.xcconfig"; path = "Target Support Files/Pods-Instagram/Pods-Instagram.debug.xcconfig"; sourceTree = "<group>"; };
		46A01A9105B8E92DE8A27129 /* Pods-Instagram.release.xcconfig */ = {isa = PBXFileReference; includeInIndex = 1; lastKnownFileType = text.xcconfig; name = "Pods-Instagram.release.xcconfig"; path = "Target Support Files/Pods-Instagram/Pods-Instagram.release.xcconfig"; sourceTree = "<group>"; };
		A0318B9E2468D1FE006F9389 /* SharePhotoController.swift */ = {isa = PBXFileReference; lastKnownFileType = sourcecode.swift; path = SharePhotoController.swift; sourceTree = "<group>"; };
		A0318BA024690F6F006F9389 /* Post.swift */ = {isa = PBXFileReference; lastKnownFileType = sourcecode.swift; path = Post.swift; sourceTree = "<group>"; };
		A0318BA22469117C006F9389 /* UserProfileCell.swift */ = {isa = PBXFileReference; lastKnownFileType = sourcecode.swift; path = UserProfileCell.swift; sourceTree = "<group>"; };
		A043632E24622829000F19BE /* UserProfileHeader.swift */ = {isa = PBXFileReference; lastKnownFileType = sourcecode.swift; path = UserProfileHeader.swift; sourceTree = "<group>"; };
		A04363342462358C000F19BE /* User.swift */ = {isa = PBXFileReference; lastKnownFileType = sourcecode.swift; path = User.swift; sourceTree = "<group>"; };
		A0454F2C245C7D4100356AB0 /* Extensions.swift */ = {isa = PBXFileReference; lastKnownFileType = sourcecode.swift; path = Extensions.swift; sourceTree = "<group>"; };
		A0454F2E245C98B900356AB0 /* GoogleService-Info.plist */ = {isa = PBXFileReference; fileEncoding = 4; lastKnownFileType = text.plist.xml; path = "GoogleService-Info.plist"; sourceTree = "<group>"; };
		A053D8822466FC50009DE7E2 /* PhotoSelectorCell.swift */ = {isa = PBXFileReference; lastKnownFileType = sourcecode.swift; path = PhotoSelectorCell.swift; sourceTree = "<group>"; };
		A054BEC92463813700D9A1D9 /* LoginController.swift */ = {isa = PBXFileReference; lastKnownFileType = sourcecode.swift; path = LoginController.swift; sourceTree = "<group>"; };
		A057DA3A2463544000CFB21C /* Base */ = {isa = PBXFileReference; lastKnownFileType = file.storyboard; name = Base; path = Base.lproj/Main.storyboard; sourceTree = "<group>"; };
		A062F9D72469AA1800D24874 /* CustomImageView.swift */ = {isa = PBXFileReference; lastKnownFileType = sourcecode.swift; path = CustomImageView.swift; sourceTree = "<group>"; };
		A062F9DC2469C84F00D24874 /* HomeController.swift */ = {isa = PBXFileReference; lastKnownFileType = sourcecode.swift; path = HomeController.swift; sourceTree = "<group>"; };
		A062F9DE2469C9C200D24874 /* HomePostCell.swift */ = {isa = PBXFileReference; lastKnownFileType = sourcecode.swift; path = HomePostCell.swift; sourceTree = "<group>"; };
		A0BCEE36245B61B9005A2741 /* Instagram.app */ = {isa = PBXFileReference; explicitFileType = wrapper.application; includeInIndex = 0; path = Instagram.app; sourceTree = BUILT_PRODUCTS_DIR; };
		A0BCEE39245B61B9005A2741 /* AppDelegate.swift */ = {isa = PBXFileReference; lastKnownFileType = sourcecode.swift; path = AppDelegate.swift; sourceTree = "<group>"; };
		A0BCEE3B245B61B9005A2741 /* SceneDelegate.swift */ = {isa = PBXFileReference; lastKnownFileType = sourcecode.swift; path = SceneDelegate.swift; sourceTree = "<group>"; };
		A0BCEE3D245B61B9005A2741 /* SignUpController.swift */ = {isa = PBXFileReference; lastKnownFileType = sourcecode.swift; path = SignUpController.swift; sourceTree = "<group>"; };
		A0BCEE42245B61BB005A2741 /* Assets.xcassets */ = {isa = PBXFileReference; lastKnownFileType = folder.assetcatalog; path = Assets.xcassets; sourceTree = "<group>"; };
		A0BCEE45245B61BB005A2741 /* Base */ = {isa = PBXFileReference; lastKnownFileType = file.storyboard; name = Base; path = Base.lproj/LaunchScreen.storyboard; sourceTree = "<group>"; };
		A0BCEE47245B61BB005A2741 /* Info.plist */ = {isa = PBXFileReference; lastKnownFileType = text.plist.xml; path = Info.plist; sourceTree = "<group>"; };
		A0DF34192465B9E500433936 /* PhotoSelectorController.swift */ = {isa = PBXFileReference; lastKnownFileType = sourcecode.swift; path = PhotoSelectorController.swift; sourceTree = "<group>"; };
		A0F02801245E2BAF00B83DDD /* MainTabBarController.swift */ = {isa = PBXFileReference; lastKnownFileType = sourcecode.swift; path = MainTabBarController.swift; sourceTree = "<group>"; };
		A0F02803245E388A00B83DDD /* UserProfileController.swift */ = {isa = PBXFileReference; lastKnownFileType = sourcecode.swift; path = UserProfileController.swift; sourceTree = "<group>"; };
		B415ACEEEC1AB9F922C9A4AD /* Pods_Instagram.framework */ = {isa = PBXFileReference; explicitFileType = wrapper.framework; includeInIndex = 0; path = Pods_Instagram.framework; sourceTree = BUILT_PRODUCTS_DIR; };
/* End PBXFileReference section */

/* Begin PBXFrameworksBuildPhase section */
		A0BCEE33245B61B9005A2741 /* Frameworks */ = {
			isa = PBXFrameworksBuildPhase;
			buildActionMask = 2147483647;
			files = (
				4F1D8DAC1A36EC207A6A881F /* Pods_Instagram.framework in Frameworks */,
			);
			runOnlyForDeploymentPostprocessing = 0;
		};
/* End PBXFrameworksBuildPhase section */

/* Begin PBXGroup section */
		592CAA2099464384A4715A5A /* Pods */ = {
			isa = PBXGroup;
			children = (
				1D30FC31E2042B71CC8D7DAB /* Pods-Instagram.debug.xcconfig */,
				46A01A9105B8E92DE8A27129 /* Pods-Instagram.release.xcconfig */,
			);
			path = Pods;
			sourceTree = "<group>";
		};
		A043632D246227F5000F19BE /* UserProfile */ = {
			isa = PBXGroup;
			children = (
				A0F02803245E388A00B83DDD /* UserProfileController.swift */,
				A043632E24622829000F19BE /* UserProfileHeader.swift */,
				A0318BA22469117C006F9389 /* UserProfileCell.swift */,
			);
			path = UserProfile;
			sourceTree = "<group>";
		};
		A043633024623392000F19BE /* Models */ = {
			isa = PBXGroup;
			children = (
				A04363342462358C000F19BE /* User.swift */,
				A0318BA024690F6F006F9389 /* Post.swift */,
			);
			path = Models;
			sourceTree = "<group>";
		};
		A0436331246233EC000F19BE /* Scenes */ = {
			isa = PBXGroup;
			children = (
				A0F02801245E2BAF00B83DDD /* MainTabBarController.swift */,
				A062F9DB2469C80F00D24874 /* Home */,
				A0D38A5424636C6F00B2E110 /* SignUp */,
				A054BEC8246380A600D9A1D9 /* Login */,
				A043632D246227F5000F19BE /* UserProfile */,
				A0DF34182465B9A300433936 /* AddPhoto */,
			);
			path = Scenes;
			sourceTree = "<group>";
		};
		A0436333246234B7000F19BE /* Helper */ = {
			isa = PBXGroup;
			children = (
				A0454F2C245C7D4100356AB0 /* Extensions.swift */,
				A062F9D72469AA1800D24874 /* CustomImageView.swift */,
			);
			path = Helper;
			sourceTree = "<group>";
		};
		A054BEC8246380A600D9A1D9 /* Login */ = {
			isa = PBXGroup;
			children = (
				A054BEC92463813700D9A1D9 /* LoginController.swift */,
			);
			path = Login;
			sourceTree = "<group>";
		};
		A062F9DB2469C80F00D24874 /* Home */ = {
			isa = PBXGroup;
			children = (
				A062F9DC2469C84F00D24874 /* HomeController.swift */,
				A062F9DE2469C9C200D24874 /* HomePostCell.swift */,
			);
			path = Home;
			sourceTree = "<group>";
		};
		A0BCEE2D245B61B9005A2741 = {
			isa = PBXGroup;
			children = (
				A0BCEE38245B61B9005A2741 /* Instagram */,
				A0BCEE37245B61B9005A2741 /* Products */,
				592CAA2099464384A4715A5A /* Pods */,
				D462574DBE91ACC37EB596ED /* Frameworks */,
			);
			sourceTree = "<group>";
		};
		A0BCEE37245B61B9005A2741 /* Products */ = {
			isa = PBXGroup;
			children = (
				A0BCEE36245B61B9005A2741 /* Instagram.app */,
			);
			name = Products;
			sourceTree = "<group>";
		};
		A0BCEE38245B61B9005A2741 /* Instagram */ = {
			isa = PBXGroup;
			children = (
				A0436331246233EC000F19BE /* Scenes */,
				A043633024623392000F19BE /* Models */,
				A0436333246234B7000F19BE /* Helper */,
				A0BCEE39245B61B9005A2741 /* AppDelegate.swift */,
				A0BCEE3B245B61B9005A2741 /* SceneDelegate.swift */,
				A0BCEE42245B61BB005A2741 /* Assets.xcassets */,
				A057DA392463544000CFB21C /* Main.storyboard */,
				A0BCEE44245B61BB005A2741 /* LaunchScreen.storyboard */,
				A0BCEE47245B61BB005A2741 /* Info.plist */,
				A0454F2E245C98B900356AB0 /* GoogleService-Info.plist */,
			);
			path = Instagram;
			sourceTree = "<group>";
		};
		A0D38A5424636C6F00B2E110 /* SignUp */ = {
			isa = PBXGroup;
			children = (
				A0BCEE3D245B61B9005A2741 /* SignUpController.swift */,
			);
			path = SignUp;
			sourceTree = "<group>";
		};
		A0DF34182465B9A300433936 /* AddPhoto */ = {
			isa = PBXGroup;
			children = (
				A0DF34192465B9E500433936 /* PhotoSelectorController.swift */,
				A053D8822466FC50009DE7E2 /* PhotoSelectorCell.swift */,
				A0318B9E2468D1FE006F9389 /* SharePhotoController.swift */,
			);
			path = AddPhoto;
			sourceTree = "<group>";
		};
		D462574DBE91ACC37EB596ED /* Frameworks */ = {
			isa = PBXGroup;
			children = (
				B415ACEEEC1AB9F922C9A4AD /* Pods_Instagram.framework */,
			);
			name = Frameworks;
			sourceTree = "<group>";
		};
/* End PBXGroup section */

/* Begin PBXNativeTarget section */
		A0BCEE35245B61B9005A2741 /* Instagram */ = {
			isa = PBXNativeTarget;
			buildConfigurationList = A0BCEE4A245B61BB005A2741 /* Build configuration list for PBXNativeTarget "Instagram" */;
			buildPhases = (
				8475978696CBA8F5EC578E71 /* [CP] Check Pods Manifest.lock */,
				A0BCEE32245B61B9005A2741 /* Sources */,
				A0BCEE33245B61B9005A2741 /* Frameworks */,
				A0BCEE34245B61B9005A2741 /* Resources */,
				FB04ED39D4B39BC60BCFF89A /* [CP] Embed Pods Frameworks */,
			);
			buildRules = (
			);
			dependencies = (
			);
			name = Instagram;
			productName = Instagram;
			productReference = A0BCEE36245B61B9005A2741 /* Instagram.app */;
			productType = "com.apple.product-type.application";
		};
/* End PBXNativeTarget section */

/* Begin PBXProject section */
		A0BCEE2E245B61B9005A2741 /* Project object */ = {
			isa = PBXProject;
			attributes = {
				LastSwiftUpdateCheck = 1110;
				LastUpgradeCheck = 1110;
				ORGANIZATIONNAME = "Ammar Elshamy";
				TargetAttributes = {
					A0BCEE35245B61B9005A2741 = {
						CreatedOnToolsVersion = 11.1;
					};
				};
			};
			buildConfigurationList = A0BCEE31245B61B9005A2741 /* Build configuration list for PBXProject "Instagram" */;
			compatibilityVersion = "Xcode 9.3";
			developmentRegion = en;
			hasScannedForEncodings = 0;
			knownRegions = (
				en,
				Base,
			);
			mainGroup = A0BCEE2D245B61B9005A2741;
			productRefGroup = A0BCEE37245B61B9005A2741 /* Products */;
			projectDirPath = "";
			projectRoot = "";
			targets = (
				A0BCEE35245B61B9005A2741 /* Instagram */,
			);
		};
/* End PBXProject section */

/* Begin PBXResourcesBuildPhase section */
		A0BCEE34245B61B9005A2741 /* Resources */ = {
			isa = PBXResourcesBuildPhase;
			buildActionMask = 2147483647;
			files = (
				A0BCEE46245B61BB005A2741 /* LaunchScreen.storyboard in Resources */,
				A057DA3B2463544000CFB21C /* Main.storyboard in Resources */,
				A0454F2F245C98B900356AB0 /* GoogleService-Info.plist in Resources */,
				A0BCEE43245B61BB005A2741 /* Assets.xcassets in Resources */,
			);
			runOnlyForDeploymentPostprocessing = 0;
		};
/* End PBXResourcesBuildPhase section */

/* Begin PBXShellScriptBuildPhase section */
		8475978696CBA8F5EC578E71 /* [CP] Check Pods Manifest.lock */ = {
			isa = PBXShellScriptBuildPhase;
			buildActionMask = 2147483647;
			files = (
			);
			inputFileListPaths = (
			);
			inputPaths = (
				"${PODS_PODFILE_DIR_PATH}/Podfile.lock",
				"${PODS_ROOT}/Manifest.lock",
			);
			name = "[CP] Check Pods Manifest.lock";
			outputFileListPaths = (
			);
			outputPaths = (
				"$(DERIVED_FILE_DIR)/Pods-Instagram-checkManifestLockResult.txt",
			);
			runOnlyForDeploymentPostprocessing = 0;
			shellPath = /bin/sh;
			shellScript = "diff \"${PODS_PODFILE_DIR_PATH}/Podfile.lock\" \"${PODS_ROOT}/Manifest.lock\" > /dev/null\nif [ $? != 0 ] ; then\n    # print error to STDERR\n    echo \"error: The sandbox is not in sync with the Podfile.lock. Run 'pod install' or update your CocoaPods installation.\" >&2\n    exit 1\nfi\n# This output is used by Xcode 'outputs' to avoid re-running this script phase.\necho \"SUCCESS\" > \"${SCRIPT_OUTPUT_FILE_0}\"\n";
			showEnvVarsInLog = 0;
		};
		FB04ED39D4B39BC60BCFF89A /* [CP] Embed Pods Frameworks */ = {
			isa = PBXShellScriptBuildPhase;
			buildActionMask = 2147483647;
			files = (
			);
			inputFileListPaths = (
				"${PODS_ROOT}/Target Support Files/Pods-Instagram/Pods-Instagram-frameworks-${CONFIGURATION}-input-files.xcfilelist",
			);
			name = "[CP] Embed Pods Frameworks";
			outputFileListPaths = (
				"${PODS_ROOT}/Target Support Files/Pods-Instagram/Pods-Instagram-frameworks-${CONFIGURATION}-output-files.xcfilelist",
			);
			runOnlyForDeploymentPostprocessing = 0;
			shellPath = /bin/sh;
			shellScript = "\"${PODS_ROOT}/Target Support Files/Pods-Instagram/Pods-Instagram-frameworks.sh\"\n";
			showEnvVarsInLog = 0;
		};
/* End PBXShellScriptBuildPhase section */

/* Begin PBXSourcesBuildPhase section */
		A0BCEE32245B61B9005A2741 /* Sources */ = {
			isa = PBXSourcesBuildPhase;
			buildActionMask = 2147483647;
			files = (
				A053D8832466FC50009DE7E2 /* PhotoSelectorCell.swift in Sources */,
				A062F9DF2469C9C200D24874 /* HomePostCell.swift in Sources */,
				A043632F24622829000F19BE /* UserProfileHeader.swift in Sources */,
				A0318BA32469117C006F9389 /* UserProfileCell.swift in Sources */,
				A0BCEE3E245B61B9005A2741 /* SignUpController.swift in Sources */,
				A0BCEE3A245B61B9005A2741 /* AppDelegate.swift in Sources */,
				A062F9D82469AA1800D24874 /* CustomImageView.swift in Sources */,
				A0318BA124690F6F006F9389 /* Post.swift in Sources */,
				A0F02802245E2BAF00B83DDD /* MainTabBarController.swift in Sources */,
				A054BECA2463813700D9A1D9 /* LoginController.swift in Sources */,
				A0318B9F2468D1FE006F9389 /* SharePhotoController.swift in Sources */,
				A0F02804245E388A00B83DDD /* UserProfileController.swift in Sources */,
				A04363352462358C000F19BE /* User.swift in Sources */,
				A062F9DD2469C84F00D24874 /* HomeController.swift in Sources */,
				A0BCEE3C245B61B9005A2741 /* SceneDelegate.swift in Sources */,
				A0454F2D245C7D4100356AB0 /* Extensions.swift in Sources */,
				A0DF341A2465B9E500433936 /* PhotoSelectorController.swift in Sources */,
			);
			runOnlyForDeploymentPostprocessing = 0;
		};
/* End PBXSourcesBuildPhase section */

/* Begin PBXVariantGroup section */
		A057DA392463544000CFB21C /* Main.storyboard */ = {
			isa = PBXVariantGroup;
			children = (
				A057DA3A2463544000CFB21C /* Base */,
			);
			name = Main.storyboard;
			sourceTree = "<group>";
		};
		A0BCEE44245B61BB005A2741 /* LaunchScreen.storyboard */ = {
			isa = PBXVariantGroup;
			children = (
				A0BCEE45245B61BB005A2741 /* Base */,
			);
			name = LaunchScreen.storyboard;
			sourceTree = "<group>";
		};
/* End PBXVariantGroup section */

/* Begin XCBuildConfiguration section */
		A0BCEE48245B61BB005A2741 /* Debug */ = {
			isa = XCBuildConfiguration;
			buildSettings = {
				ALWAYS_SEARCH_USER_PATHS = NO;
				CLANG_ANALYZER_NONNULL = YES;
				CLANG_ANALYZER_NUMBER_OBJECT_CONVERSION = YES_AGGRESSIVE;
				CLANG_CXX_LANGUAGE_STANDARD = "gnu++14";
				CLANG_CXX_LIBRARY = "libc++";
				CLANG_ENABLE_MODULES = YES;
				CLANG_ENABLE_OBJC_ARC = YES;
				CLANG_ENABLE_OBJC_WEAK = YES;
				CLANG_WARN_BLOCK_CAPTURE_AUTORELEASING = YES;
				CLANG_WARN_BOOL_CONVERSION = YES;
				CLANG_WARN_COMMA = YES;
				CLANG_WARN_CONSTANT_CONVERSION = YES;
				CLANG_WARN_DEPRECATED_OBJC_IMPLEMENTATIONS = YES;
				CLANG_WARN_DIRECT_OBJC_ISA_USAGE = YES_ERROR;
				CLANG_WARN_DOCUMENTATION_COMMENTS = YES;
				CLANG_WARN_EMPTY_BODY = YES;
				CLANG_WARN_ENUM_CONVERSION = YES;
				CLANG_WARN_INFINITE_RECURSION = YES;
				CLANG_WARN_INT_CONVERSION = YES;
				CLANG_WARN_NON_LITERAL_NULL_CONVERSION = YES;
				CLANG_WARN_OBJC_IMPLICIT_RETAIN_SELF = YES;
				CLANG_WARN_OBJC_LITERAL_CONVERSION = YES;
				CLANG_WARN_OBJC_ROOT_CLASS = YES_ERROR;
				CLANG_WARN_RANGE_LOOP_ANALYSIS = YES;
				CLANG_WARN_STRICT_PROTOTYPES = YES;
				CLANG_WARN_SUSPICIOUS_MOVE = YES;
				CLANG_WARN_UNGUARDED_AVAILABILITY = YES_AGGRESSIVE;
				CLANG_WARN_UNREACHABLE_CODE = YES;
				CLANG_WARN__DUPLICATE_METHOD_MATCH = YES;
				COPY_PHASE_STRIP = NO;
				DEBUG_INFORMATION_FORMAT = dwarf;
				ENABLE_STRICT_OBJC_MSGSEND = YES;
				ENABLE_TESTABILITY = YES;
				GCC_C_LANGUAGE_STANDARD = gnu11;
				GCC_DYNAMIC_NO_PIC = NO;
				GCC_NO_COMMON_BLOCKS = YES;
				GCC_OPTIMIZATION_LEVEL = 0;
				GCC_PREPROCESSOR_DEFINITIONS = (
					"DEBUG=1",
					"$(inherited)",
				);
				GCC_WARN_64_TO_32_BIT_CONVERSION = YES;
				GCC_WARN_ABOUT_RETURN_TYPE = YES_ERROR;
				GCC_WARN_UNDECLARED_SELECTOR = YES;
				GCC_WARN_UNINITIALIZED_AUTOS = YES_AGGRESSIVE;
				GCC_WARN_UNUSED_FUNCTION = YES;
				GCC_WARN_UNUSED_VARIABLE = YES;
				IPHONEOS_DEPLOYMENT_TARGET = 13.1;
				MTL_ENABLE_DEBUG_INFO = INCLUDE_SOURCE;
				MTL_FAST_MATH = YES;
				ONLY_ACTIVE_ARCH = YES;
				SDKROOT = iphoneos;
				SWIFT_ACTIVE_COMPILATION_CONDITIONS = DEBUG;
				SWIFT_OPTIMIZATION_LEVEL = "-Onone";
			};
			name = Debug;
		};
		A0BCEE49245B61BB005A2741 /* Release */ = {
			isa = XCBuildConfiguration;
			buildSettings = {
				ALWAYS_SEARCH_USER_PATHS = NO;
				CLANG_ANALYZER_NONNULL = YES;
				CLANG_ANALYZER_NUMBER_OBJECT_CONVERSION = YES_AGGRESSIVE;
				CLANG_CXX_LANGUAGE_STANDARD = "gnu++14";
				CLANG_CXX_LIBRARY = "libc++";
				CLANG_ENABLE_MODULES = YES;
				CLANG_ENABLE_OBJC_ARC = YES;
				CLANG_ENABLE_OBJC_WEAK = YES;
				CLANG_WARN_BLOCK_CAPTURE_AUTORELEASING = YES;
				CLANG_WARN_BOOL_CONVERSION = YES;
				CLANG_WARN_COMMA = YES;
				CLANG_WARN_CONSTANT_CONVERSION = YES;
				CLANG_WARN_DEPRECATED_OBJC_IMPLEMENTATIONS = YES;
				CLANG_WARN_DIRECT_OBJC_ISA_USAGE = YES_ERROR;
				CLANG_WARN_DOCUMENTATION_COMMENTS = YES;
				CLANG_WARN_EMPTY_BODY = YES;
				CLANG_WARN_ENUM_CONVERSION = YES;
				CLANG_WARN_INFINITE_RECURSION = YES;
				CLANG_WARN_INT_CONVERSION = YES;
				CLANG_WARN_NON_LITERAL_NULL_CONVERSION = YES;
				CLANG_WARN_OBJC_IMPLICIT_RETAIN_SELF = YES;
				CLANG_WARN_OBJC_LITERAL_CONVERSION = YES;
				CLANG_WARN_OBJC_ROOT_CLASS = YES_ERROR;
				CLANG_WARN_RANGE_LOOP_ANALYSIS = YES;
				CLANG_WARN_STRICT_PROTOTYPES = YES;
				CLANG_WARN_SUSPICIOUS_MOVE = YES;
				CLANG_WARN_UNGUARDED_AVAILABILITY = YES_AGGRESSIVE;
				CLANG_WARN_UNREACHABLE_CODE = YES;
				CLANG_WARN__DUPLICATE_METHOD_MATCH = YES;
				COPY_PHASE_STRIP = NO;
				DEBUG_INFORMATION_FORMAT = "dwarf-with-dsym";
				ENABLE_NS_ASSERTIONS = NO;
				ENABLE_STRICT_OBJC_MSGSEND = YES;
				GCC_C_LANGUAGE_STANDARD = gnu11;
				GCC_NO_COMMON_BLOCKS = YES;
				GCC_WARN_64_TO_32_BIT_CONVERSION = YES;
				GCC_WARN_ABOUT_RETURN_TYPE = YES_ERROR;
				GCC_WARN_UNDECLARED_SELECTOR = YES;
				GCC_WARN_UNINITIALIZED_AUTOS = YES_AGGRESSIVE;
				GCC_WARN_UNUSED_FUNCTION = YES;
				GCC_WARN_UNUSED_VARIABLE = YES;
				IPHONEOS_DEPLOYMENT_TARGET = 13.1;
				MTL_ENABLE_DEBUG_INFO = NO;
				MTL_FAST_MATH = YES;
				SDKROOT = iphoneos;
				SWIFT_COMPILATION_MODE = wholemodule;
				SWIFT_OPTIMIZATION_LEVEL = "-O";
				VALIDATE_PRODUCT = YES;
			};
			name = Release;
		};
		A0BCEE4B245B61BB005A2741 /* Debug */ = {
			isa = XCBuildConfiguration;
			baseConfigurationReference = 1D30FC31E2042B71CC8D7DAB /* Pods-Instagram.debug.xcconfig */;
			buildSettings = {
				ASSETCATALOG_COMPILER_APPICON_NAME = AppIcon;
				CODE_SIGN_STYLE = Automatic;
				DEVELOPMENT_TEAM = 95Q7S2VPX4;
				INFOPLIST_FILE = Instagram/Info.plist;
				LD_RUNPATH_SEARCH_PATHS = (
					"$(inherited)",
					"@executable_path/Frameworks",
				);
				PRODUCT_BUNDLE_IDENTIFIER = com.ammarelshamy.Instagram;
				PRODUCT_NAME = "$(TARGET_NAME)";
				SWIFT_VERSION = 5.0;
				TARGETED_DEVICE_FAMILY = "1,2";
			};
			name = Debug;
		};
		A0BCEE4C245B61BB005A2741 /* Release */ = {
			isa = XCBuildConfiguration;
			baseConfigurationReference = 46A01A9105B8E92DE8A27129 /* Pods-Instagram.release.xcconfig */;
			buildSettings = {
				ASSETCATALOG_COMPILER_APPICON_NAME = AppIcon;
				CODE_SIGN_STYLE = Automatic;
				DEVELOPMENT_TEAM = 95Q7S2VPX4;
				INFOPLIST_FILE = Instagram/Info.plist;
				LD_RUNPATH_SEARCH_PATHS = (
					"$(inherited)",
					"@executable_path/Frameworks",
				);
				PRODUCT_BUNDLE_IDENTIFIER = com.ammarelshamy.Instagram;
				PRODUCT_NAME = "$(TARGET_NAME)";
				SWIFT_VERSION = 5.0;
				TARGETED_DEVICE_FAMILY = "1,2";
			};
			name = Release;
		};
/* End XCBuildConfiguration section */

/* Begin XCConfigurationList section */
		A0BCEE31245B61B9005A2741 /* Build configuration list for PBXProject "Instagram" */ = {
			isa = XCConfigurationList;
			buildConfigurations = (
				A0BCEE48245B61BB005A2741 /* Debug */,
				A0BCEE49245B61BB005A2741 /* Release */,
			);
			defaultConfigurationIsVisible = 0;
			defaultConfigurationName = Release;
		};
		A0BCEE4A245B61BB005A2741 /* Build configuration list for PBXNativeTarget "Instagram" */ = {
			isa = XCConfigurationList;
			buildConfigurations = (
				A0BCEE4B245B61BB005A2741 /* Debug */,
				A0BCEE4C245B61BB005A2741 /* Release */,
			);
			defaultConfigurationIsVisible = 0;
			defaultConfigurationName = Release;
		};
/* End XCConfigurationList section */
	};
	rootObject = A0BCEE2E245B61B9005A2741 /* Project object */;
}
